
Microsoft Visual Studio Solution File, Format Version 12.00
# Visual Studio Version 16
VisualStudioVersion = 16.0.30330.147
MinimumVisualStudioVersion = 10.0.40219.1
Project("{FAE04EC0-301F-11D3-BF4B-00C04F79EFBC}") = "DoAnHomeFinder", "DoAnHomeFinder\DoAnHomeFinder.csproj", "{64405F7F-1050-45D1-B567-E7AB30CB4131}"
EndProject
Global
	GlobalSection(SolutionConfigurationPlatforms) = preSolution
		Debug|Any CPU = Debug|Any CPU
		Release|Any CPU = Release|Any CPU
	EndGlobalSection
	GlobalSection(ProjectConfigurationPlatforms) = postSolution
		{64405F7F-1050-45D1-B567-E7AB30CB4131}.Debug|Any CPU.ActiveCfg = Debug|Any CPU
		{64405F7F-1050-45D1-B567-E7AB30CB4131}.Debug|Any CPU.Build.0 = Debug|Any CPU
		{64405F7F-1050-45D1-B567-E7AB30CB4131}.Release|Any CPU.ActiveCfg = Release|Any CPU
		{64405F7F-1050-45D1-B567-E7AB30CB4131}.Release|Any CPU.Build.0 = Release|Any CPU
	EndGlobalSection
	GlobalSection(SolutionProperties) = preSolution
		HideSolutionNode = FALSE
	EndGlobalSection
	GlobalSection(ExtensibilityGlobals) = postSolution
		SolutionGuid = {9EFB736E-D550-4612-82FF-0C3BA924A0BF}
	EndGlobalSection
EndGlobal
